PODS:
  - Alamofire (4.8.0)
  - Kingfisher (4.10.1)
  - Moya (12.0.1):
    - Moya/Core (= 12.0.1)
  - Moya/Core (12.0.1):
    - Alamofire (~> 4.1)
    - Result (~> 4.0)
  - ObjectMapper (3.4.1)
  - Realm (3.12.0):
    - Realm/Headers (= 3.12.0)
  - Realm/Headers (3.12.0)
  - RealmSwift (3.12.0):
    - Realm (= 3.12.0)
  - Result (4.0.0)

DEPENDENCIES:
  - Kingfisher
  - Moya
  - ObjectMapper
  - RealmSwift

SPEC REPOS:
  https://github.com/cocoapods/specs.git:
    - Alamofire
    - Kingfisher
    - Moya
    - ObjectMapper
    - Realm
    - RealmSwift
    - Result

SPEC CHECKSUMS:
  Alamofire: 3ec537f71edc9804815215393ae2b1a8ea33a844
  Kingfisher: c148cd7b47ebde9989f6bc7c27dcaa79d81279a0
  Moya: cf730b3cd9e005401ef37a85143aa141a12fd38f
  ObjectMapper: 5311bd50ca732930959e7ca1a2de43ab823a5ced
  Realm: cdaef23c4ddb36ab1ddffed23f5a7f3332fc5585
  RealmSwift: 5576324033f0aa5ef1e0a839a3da2281dff47a7f
  Result: 7645bb3f50c2ce726dd0ff2fa7b6f42bbe6c3713

PODFILE CHECKSUM: a13b20697245ab2f5d2bc8a8c5ec8b15a9f48f97

COCOAPODS: 1.5.3
